
Microsoft Visual Studio Solution File, Format Version 12.00
# Visual Studio Version 16
VisualStudioVersion = 16.0.31727.386
MinimumVisualStudioVersion = 10.0.40219.1
Project("{FAE04EC0-301F-11D3-BF4B-00C04F79EFBC}") = "Create_Table", "Create_Table\Create_Table.csproj", "{81E2E2B3-5F54-4249-9F6F-60B2EC50D60D}"
EndProject
Global
	GlobalSection(SolutionConfigurationPlatforms) = preSolution
		Debug|Any CPU = Debug|Any CPU
		Release|Any CPU = Release|Any CPU
	EndGlobalSection
	GlobalSection(ProjectConfigurationPlatforms) = postSolution
		{81E2E2B3-5F54-4249-9F6F-60B2EC50D60D}.Debug|Any CPU.ActiveCfg = Debug|Any CPU
		{81E2E2B3-5F54-4249-9F6F-60B2EC50D60D}.Debug|Any CPU.Build.0 = Debug|Any CPU
		{81E2E2B3-5F54-4249-9F6F-60B2EC50D60D}.Release|Any CPU.ActiveCfg = Release|Any CPU
		{81E2E2B3-5F54-4249-9F6F-60B2EC50D60D}.Release|Any CPU.Build.0 = Release|Any CPU
	EndGlobalSection
	GlobalSection(SolutionProperties) = preSolution
		HideSolutionNode = FALSE
	EndGlobalSection
	GlobalSection(ExtensibilityGlobals) = postSolution
		SolutionGuid = {8DD287FA-D098-47B7-90B3-B4C358133B5A}
	EndGlobalSection
EndGlobal
